
Microsoft Visual Studio Solution File, Format Version 12.00
# Visual Studio 15
VisualStudioVersion = 15.0.28307.136
MinimumVisualStudioVersion = 10.0.40219.1
Project("{FAE04EC0-301F-11D3-BF4B-00C04F79EFBC}") = "Calculator", "Calculator\Calculator.csproj", "{8CFF4332-53F8-4B44-BCB0-2D7AFE364252}"
EndProject
Global
	GlobalSection(SolutionConfigurationPlatforms) = preSolution
		Debug|Any CPU = Debug|Any CPU
		Release|Any CPU = Release|Any CPU
	EndGlobalSection
	GlobalSection(ProjectConfigurationPlatforms) = postSolution
		{8CFF4332-53F8-4B44-BCB0-2D7AFE364252}.Debug|Any CPU.ActiveCfg = Debug|Any CPU
		{8CFF4332-53F8-4B44-BCB0-2D7AFE364252}.Debug|Any CPU.Build.0 = Debug|Any CPU
		{8CFF4332-53F8-4B44-BCB0-2D7AFE364252}.Release|Any CPU.ActiveCfg = Release|Any CPU
		{8CFF4332-53F8-4B44-BCB0-2D7AFE364252}.Release|Any CPU.Build.0 = Release|Any CPU
	EndGlobalSection
	GlobalSection(SolutionProperties) = preSolution
		HideSolutionNode = FALSE
	EndGlobalSection
	GlobalSection(ExtensibilityGlobals) = postSolution
		SolutionGuid = {AA5F38F3-4DB6-4B97-AE4F-245D4936F23D}
	EndGlobalSection
EndGlobal
